// !$*UTF8*$!
{
	archiveVersion = 1;
	classes = {
	};
	objectVersion = 56;
	objects = {

/* Begin PBXBuildFile section */
		F5B99FAB2C34B2DB0042E2A1 /* SuperHeroAppApp.swift in Sources */ = {isa = PBXBuildFile; fileRef = F5B99FAA2C34B2DB0042E2A1 /* SuperHeroAppApp.swift */; };
		F5B99FAD2C34B2DB0042E2A1 /* ContentView.swift in Sources */ = {isa = PBXBuildFile; fileRef = F5B99FAC2C34B2DB0042E2A1 /* ContentView.swift */; };
		F5B99FAF2C34B2DD0042E2A1 /* Assets.xcassets in Resources */ = {isa = PBXBuildFile; fileRef = F5B99FAE2C34B2DD0042E2A1 /* Assets.xcassets */; };
		F5B99FB32C34B2DD0042E2A1 /* Preview Assets.xcassets in Resources */ = {isa = PBXBuildFile; fileRef = F5B99FB22C34B2DD0042E2A1 /* Preview Assets.xcassets */; };
		F5B99FBD2C34B2DE0042E2A1 /* SuperHeroAppTests.swift in Sources */ = {isa = PBXBuildFile; fileRef = F5B99FBC2C34B2DE0042E2A1 /* SuperHeroAppTests.swift */; };
		F5B99FC72C34B2DE0042E2A1 /* SuperHeroAppUITests.swift in Sources */ = {isa = PBXBuildFile; fileRef = F5B99FC62C34B2DE0042E2A1 /* SuperHeroAppUITests.swift */; };
		F5B99FC92C34B2DE0042E2A1 /* SuperHeroAppUITestsLaunchTests.swift in Sources */ = {isa = PBXBuildFile; fileRef = F5B99FC82C34B2DE0042E2A1 /* SuperHeroAppUITestsLaunchTests.swift */; };
/* End PBXBuildFile section */

/* Begin PBXContainerItemProxy section */
		F5B99FB92C34B2DD0042E2A1 /* PBXContainerItemProxy */ = {
			isa = PBXContainerItemProxy;
			containerPortal = F5B99F9F2C34B2DB0042E2A1 /* Project object */;
			proxyType = 1;
			remoteGlobalIDString = F5B99FA62C34B2DB0042E2A1;
			remoteInfo = SuperHeroApp;
		};
		F5B99FC32C34B2DE0042E2A1 /* PBXContainerItemProxy */ = {
			isa = PBXContainerItemProxy;
			containerPortal = F5B99F9F2C34B2DB0042E2A1 /* Project object */;
			proxyType = 1;
			remoteGlobalIDString = F5B99FA62C34B2DB0042E2A1;
			remoteInfo = SuperHeroApp;
		};
/* End PBXContainerItemProxy section */

/* Begin PBXFileReference section */
		F5B99FA72C34B2DB0042E2A1 /* SuperHeroApp.app */ = {isa = PBXFileReference; explicitFileType = wrapper.application; includeInIndex = 0; path = SuperHeroApp.app; sourceTree = BUILT_PRODUCTS_DIR; };
		F5B99FAA2C34B2DB0042E2A1 /* SuperHeroAppApp.swift */ = {isa = PBXFileReference; lastKnownFileType = sourcecode.swift; path = SuperHeroAppApp.swift; sourceTree = "<group>"; };
		F5B99FAC2C34B2DB0042E2A1 /* ContentView.swift */ = {isa = PBXFileReference; lastKnownFileType = sourcecode.swift; path = ContentView.swift; sourceTree = "<group>"; };
		F5B99FAE2C34B2DD0042E2A1 /* Assets.xcassets */ = {isa = PBXFileReference; lastKnownFileType = folder.assetcatalog; path = Assets.xcassets; sourceTree = "<group>"; };
		F5B99FB02C34B2DD0042E2A1 /* SuperHeroApp.entitlements */ = {isa = PBXFileReference; lastKnownFileType = text.plist.entitlements; path = SuperHeroApp.entitlements; sourceTree = "<group>"; };
		F5B99FB22C34B2DD0042E2A1 /* Preview Assets.xcassets */ = {isa = PBXFileReference; lastKnownFileType = folder.assetcatalog; path = "Preview Assets.xcassets"; sourceTree = "<group>"; };
		F5B99FB82C34B2DD0042E2A1 /* SuperHeroAppTests.xctest */ = {isa = PBXFileReference; explicitFileType = wrapper.cfbundle; includeInIndex = 0; path = SuperHeroAppTests.xctest; sourceTree = BUILT_PRODUCTS_DIR; };
		F5B99FBC2C34B2DE0042E2A1 /* SuperHeroAppTests.swift */ = {isa = PBXFileReference; lastKnownFileType = sourcecode.swift; path = SuperHeroAppTests.swift; sourceTree = "<group>"; };
		F5B99FC22C34B2DE0042E2A1 /* SuperHeroAppUITests.xctest */ = {isa = PBXFileReference; explicitFileType = wrapper.cfbundle; includeInIndex = 0; path = SuperHeroAppUITests.xctest; sourceTree = BUILT_PRODUCTS_DIR; };
		F5B99FC62C34B2DE0042E2A1 /* SuperHeroAppUITests.swift */ = {isa = PBXFileReference; lastKnownFileType = sourcecode.swift; path = SuperHeroAppUITests.swift; sourceTree = "<group>"; };
		F5B99FC82C34B2DE0042E2A1 /* SuperHeroAppUITestsLaunchTests.swift */ = {isa = PBXFileReference; lastKnownFileType = sourcecode.swift; path = SuperHeroAppUITestsLaunchTests.swift; sourceTree = "<group>"; };
/* End PBXFileReference section */

/* Begin PBXFrameworksBuildPhase section */
		F5B99FA42C34B2DB0042E2A1 /* Frameworks */ = {
			isa = PBXFrameworksBuildPhase;
			buildActionMask = 2147483647;
			files = (
			);
			runOnlyForDeploymentPostprocessing = 0;
		};
		F5B99FB52C34B2DD0042E2A1 /* Frameworks */ = {
			isa = PBXFrameworksBuildPhase;
			buildActionMask = 2147483647;
			files = (
			);
			runOnlyForDeploymentPostprocessing = 0;
		};
		F5B99FBF2C34B2DE0042E2A1 /* Frameworks */ = {
			isa = PBXFrameworksBuildPhase;
			buildActionMask = 2147483647;
			files = (
			);
			runOnlyForDeploymentPostprocessing = 0;
		};
/* End PBXFrameworksBuildPhase section */

/* Begin PBXGroup section */
		F5B99F9E2C34B2DB0042E2A1 = {
			isa = PBXGroup;
			children = (
				F5B99FA92C34B2DB0042E2A1 /* SuperHeroApp */,
				F5B99FBB2C34B2DE0042E2A1 /* SuperHeroAppTests */,
				F5B99FC52C34B2DE0042E2A1 /* SuperHeroAppUITests */,
				F5B99FA82C34B2DB0042E2A1 /* Products */,
			);
			sourceTree = "<group>";
		};
		F5B99FA82C34B2DB0042E2A1 /* Products */ = {
			isa = PBXGroup;
			children = (
				F5B99FA72C34B2DB0042E2A1 /* SuperHeroApp.app */,
				F5B99FB82C34B2DD0042E2A1 /* SuperHeroAppTests.xctest */,
				F5B99FC22C34B2DE0042E2A1 /* SuperHeroAppUITests.xctest */,
			);
			name = Products;
			sourceTree = "<group>";
		};
		F5B99FA92C34B2DB0042E2A1 /* SuperHeroApp */ = {
			isa = PBXGroup;
			children = (
				F5B99FAA2C34B2DB0042E2A1 /* SuperHeroAppApp.swift */,
				F5B99FAC2C34B2DB0042E2A1 /* ContentView.swift */,
				F5B99FAE2C34B2DD0042E2A1 /* Assets.xcassets */,
				F5B99FB02C34B2DD0042E2A1 /* SuperHeroApp.entitlements */,
				F5B99FB12C34B2DD0042E2A1 /* Preview Content */,
			);
			path = SuperHeroApp;
			sourceTree = "<group>";
		};
		F5B99FB12C34B2DD0042E2A1 /* Preview Content */ = {
			isa = PBXGroup;
			children = (
				F5B99FB22C34B2DD0042E2A1 /* Preview Assets.xcassets */,
			);
			path = "Preview Content";
			sourceTree = "<group>";
		};
		F5B99FBB2C34B2DE0042E2A1 /* SuperHeroAppTests */ = {
			isa = PBXGroup;
			children = (
				F5B99FBC2C34B2DE0042E2A1 /* SuperHeroAppTests.swift */,
			);
			path = SuperHeroAppTests;
			sourceTree = "<group>";
		};
		F5B99FC52C34B2DE0042E2A1 /* SuperHeroAppUITests */ = {
			isa = PBXGroup;
			children = (
				F5B99FC62C34B2DE0042E2A1 /* SuperHeroAppUITests.swift */,
				F5B99FC82C34B2DE0042E2A1 /* SuperHeroAppUITestsLaunchTests.swift */,
			);
			path = SuperHeroAppUITests;
			sourceTree = "<group>";
		};
/* End PBXGroup section */

/* Begin PBXNativeTarget section */
		F5B99FA62C34B2DB0042E2A1 /* SuperHeroApp */ = {
			isa = PBXNativeTarget;
			buildConfigurationList = F5B99FCC2C34B2DE0042E2A1 /* Build configuration list for PBXNativeTarget "SuperHeroApp" */;
			buildPhases = (
				F5B99FA32C34B2DB0042E2A1 /* Sources */,
				F5B99FA42C34B2DB0042E2A1 /* Frameworks */,
				F5B99FA52C34B2DB0042E2A1 /* Resources */,
			);
			buildRules = (
			);
			dependencies = (
			);
			name = SuperHeroApp;
			productName = SuperHeroApp;
			productReference = F5B99FA72C34B2DB0042E2A1 /* SuperHeroApp.app */;
			productType = "com.apple.product-type.application";
		};
		F5B99FB72C34B2DD0042E2A1 /* SuperHeroAppTests */ = {
			isa = PBXNativeTarget;
			buildConfigurationList = F5B99FCF2C34B2DE0042E2A1 /* Build configuration list for PBXNativeTarget "SuperHeroAppTests" */;
			buildPhases = (
				F5B99FB42C34B2DD0042E2A1 /* Sources */,
				F5B99FB52C34B2DD0042E2A1 /* Frameworks */,
				F5B99FB62C34B2DD0042E2A1 /* Resources */,
			);
			buildRules = (
			);
			dependencies = (
				F5B99FBA2C34B2DD0042E2A1 /* PBXTargetDependency */,
			);
			name = SuperHeroAppTests;
			productName = SuperHeroAppTests;
			productReference = F5B99FB82C34B2DD0042E2A1 /* SuperHeroAppTests.xctest */;
			productType = "com.apple.product-type.bundle.unit-test";
		};
		F5B99FC12C34B2DE0042E2A1 /* SuperHeroAppUITests */ = {
			isa = PBXNativeTarget;
			buildConfigurationList = F5B99FD22C34B2DE0042E2A1 /* Build configuration list for PBXNativeTarget "SuperHeroAppUITests" */;
			buildPhases = (
				F5B99FBE2C34B2DE0042E2A1 /* Sources */,
				F5B99FBF2C34B2DE0042E2A1 /* Frameworks */,
				F5B99FC02C34B2DE0042E2A1 /* Resources */,
			);
			buildRules = (
			);
			dependencies = (
				F5B99FC42C34B2DE0042E2A1 /* PBXTargetDependency */,
			);
			name = SuperHeroAppUITests;
			productName = SuperHeroAppUITests;
			productReference = F5B99FC22C34B2DE0042E2A1 /* SuperHeroAppUITests.xctest */;
			productType = "com.apple.product-type.bundle.ui-testing";
		};
/* End PBXNativeTarget section */

/* Begin PBXProject section */
		F5B99F9F2C34B2DB0042E2A1 /* Project object */ = {
			isa = PBXProject;
			attributes = {
				BuildIndependentTargetsInParallel = 1;
				LastSwiftUpdateCheck = 1540;
				LastUpgradeCheck = 1540;
				TargetAttributes = {
					F5B99FA62C34B2DB0042E2A1 = {
						CreatedOnToolsVersion = 15.4;
					};
					F5B99FB72C34B2DD0042E2A1 = {
						CreatedOnToolsVersion = 15.4;
						TestTargetID = F5B99FA62C34B2DB0042E2A1;
					};
					F5B99FC12C34B2DE0042E2A1 = {
						CreatedOnToolsVersion = 15.4;
						TestTargetID = F5B99FA62C34B2DB0042E2A1;
					};
				};
			};
			buildConfigurationList = F5B99FA22C34B2DB0042E2A1 /* Build configuration list for PBXProject "SuperHeroApp" */;
			compatibilityVersion = "Xcode 14.0";
			developmentRegion = en;
			hasScannedForEncodings = 0;
			knownRegions = (
				en,
				Base,
			);
			mainGroup = F5B99F9E2C34B2DB0042E2A1;
			productRefGroup = F5B99FA82C34B2DB0042E2A1 /* Products */;
			projectDirPath = "";
			projectRoot = "";
			targets = (
				F5B99FA62C34B2DB0042E2A1 /* SuperHeroApp */,
				F5B99FB72C34B2DD0042E2A1 /* SuperHeroAppTests */,
				F5B99FC12C34B2DE0042E2A1 /* SuperHeroAppUITests */,
			);
		};
/* End PBXProject section */

/* Begin PBXResourcesBuildPhase section */
		F5B99FA52C34B2DB0042E2A1 /* Resources */ = {
			isa = PBXResourcesBuildPhase;
			buildActionMask = 2147483647;
			files = (
				F5B99FB32C34B2DD0042E2A1 /* Preview Assets.xcassets in Resources */,
				F5B99FAF2C34B2DD0042E2A1 /* Assets.xcassets in Resources */,
			);
			runOnlyForDeploymentPostprocessing = 0;
		};
		F5B99FB62C34B2DD0042E2A1 /* Resources */ = {
			isa = PBXResourcesBuildPhase;
			buildActionMask = 2147483647;
			files = (
			);
			runOnlyForDeploymentPostprocessing = 0;
		};
		F5B99FC02C34B2DE0042E2A1 /* Resources */ = {
			isa = PBXResourcesBuildPhase;
			buildActionMask = 2147483647;
			files = (
			);
			runOnlyForDeploymentPostprocessing = 0;
		};
/* End PBXResourcesBuildPhase section */

/* Begin PBXSourcesBuildPhase section */
		F5B99FA32C34B2DB0042E2A1 /* Sources */ = {
			isa = PBXSourcesBuildPhase;
			buildActionMask = 2147483647;
			files = (
				F5B99FAD2C34B2DB0042E2A1 /* ContentView.swift in Sources */,
				F5B99FAB2C34B2DB0042E2A1 /* SuperHeroAppApp.swift in Sources */,
			);
			runOnlyForDeploymentPostprocessing = 0;
		};
		F5B99FB42C34B2DD0042E2A1 /* Sources */ = {
			isa = PBXSourcesBuildPhase;
			buildActionMask = 2147483647;
			files = (
				F5B99FBD2C34B2DE0042E2A1 /* SuperHeroAppTests.swift in Sources */,
			);
			runOnlyForDeploymentPostprocessing = 0;
		};
		F5B99FBE2C34B2DE0042E2A1 /* Sources */ = {
			isa = PBXSourcesBuildPhase;
			buildActionMask = 2147483647;
			files = (
				F5B99FC92C34B2DE0042E2A1 /* SuperHeroAppUITestsLaunchTests.swift in Sources */,
				F5B99FC72C34B2DE0042E2A1 /* SuperHeroAppUITests.swift in Sources */,
			);
			runOnlyForDeploymentPostprocessing = 0;
		};
/* End PBXSourcesBuildPhase section */

/* Begin PBXTargetDependency section */
		F5B99FBA2C34B2DD0042E2A1 /* PBXTargetDependency */ = {
			isa = PBXTargetDependency;
			target = F5B99FA62C34B2DB0042E2A1 /* SuperHeroApp */;
			targetProxy = F5B99FB92C34B2DD0042E2A1 /* PBXContainerItemProxy */;
		};
		F5B99FC42C34B2DE0042E2A1 /* PBXTargetDependency */ = {
			isa = PBXTargetDependency;
			target = F5B99FA62C34B2DB0042E2A1 /* SuperHeroApp */;
			targetProxy = F5B99FC32C34B2DE0042E2A1 /* PBXContainerItemProxy */;
		};
/* End PBXTargetDependency section */

/* Begin XCBuildConfiguration section */
		F5B99FCA2C34B2DE0042E2A1 /* Debug */ = {
			isa = XCBuildConfiguration;
			buildSettings = {
				ALWAYS_SEARCH_USER_PATHS = NO;
				ASSETCATALOG_COMPILER_GENERATE_SWIFT_ASSET_SYMBOL_EXTENSIONS = YES;
				CLANG_ANALYZER_NONNULL = YES;
				CLANG_ANALYZER_NUMBER_OBJECT_CONVERSION = YES_AGGRESSIVE;
				CLANG_CXX_LANGUAGE_STANDARD = "gnu++20";
				CLANG_ENABLE_MODULES = YES;
				CLANG_ENABLE_OBJC_ARC = YES;
				CLANG_ENABLE_OBJC_WEAK = YES;
				CLANG_WARN_BLOCK_CAPTURE_AUTORELEASING = YES;
				CLANG_WARN_BOOL_CONVERSION = YES;
				CLANG_WARN_COMMA = YES;
				CLANG_WARN_CONSTANT_CONVERSION = YES;
				CLANG_WARN_DEPRECATED_OBJC_IMPLEMENTATIONS = YES;
				CLANG_WARN_DIRECT_OBJC_ISA_USAGE = YES_ERROR;
				CLANG_WARN_DOCUMENTATION_COMMENTS = YES;
				CLANG_WARN_EMPTY_BODY = YES;
				CLANG_WARN_ENUM_CONVERSION = YES;
				CLANG_WARN_INFINITE_RECURSION = YES;
				CLANG_WARN_INT_CONVERSION = YES;
				CLANG_WARN_NON_LITERAL_NULL_CONVERSION = YES;
				CLANG_WARN_OBJC_IMPLICIT_RETAIN_SELF = YES;
				CLANG_WARN_OBJC_LITERAL_CONVERSION = YES;
				CLANG_WARN_OBJC_ROOT_CLASS = YES_ERROR;
				CLANG_WARN_QUOTED_INCLUDE_IN_FRAMEWORK_HEADER = YES;
				CLANG_WARN_RANGE_LOOP_ANALYSIS = YES;
				CLANG_WARN_STRICT_PROTOTYPES = YES;
				CLANG_WARN_SUSPICIOUS_MOVE = YES;
				CLANG_WARN_UNGUARDED_AVAILABILITY = YES_AGGRESSIVE;
				CLANG_WARN_UNREACHABLE_CODE = YES;
				CLANG_WARN__DUPLICATE_METHOD_MATCH = YES;
				COPY_PHASE_STRIP = NO;
				DEBUG_INFORMATION_FORMAT = dwarf;
				ENABLE_STRICT_OBJC_MSGSEND = YES;
				ENABLE_TESTABILITY = YES;
				ENABLE_USER_SCRIPT_SANDBOXING = YES;
				GCC_C_LANGUAGE_STANDARD = gnu17;
				GCC_DYNAMIC_NO_PIC = NO;
				GCC_NO_COMMON_BLOCKS = YES;
				GCC_OPTIMIZATION_LEVEL = 0;
				GCC_PREPROCESSOR_DEFINITIONS = (
					"DEBUG=1",
					"$(inherited)",
				);
				GCC_WARN_64_TO_32_BIT_CONVERSION = YES;
				GCC_WARN_ABOUT_RETURN_TYPE = YES_ERROR;
				GCC_WARN_UNDECLARED_SELECTOR = YES;
				GCC_WARN_UNINITIALIZED_AUTOS = YES_AGGRESSIVE;
				GCC_WARN_UNUSED_FUNCTION = YES;
				GCC_WARN_UNUSED_VARIABLE = YES;
				LOCALIZATION_PREFERS_STRING_CATALOGS = YES;
				MTL_ENABLE_DEBUG_INFO = INCLUDE_SOURCE;
				MTL_FAST_MATH = YES;
				ONLY_ACTIVE_ARCH = YES;
				SWIFT_ACTIVE_COMPILATION_CONDITIONS = "DEBUG $(inherited)";
				SWIFT_OPTIMIZATION_LEVEL = "-Onone";
			};
			name = Debug;
		};
		F5B99FCB2C34B2DE0042E2A1 /* Release */ = {
			isa = XCBuildConfiguration;
			buildSettings = {
				ALWAYS_SEARCH_USER_PATHS = NO;
				ASSETCATALOG_COMPILER_GENERATE_SWIFT_ASSET_SYMBOL_EXTENSIONS = YES;
				CLANG_ANALYZER_NONNULL = YES;
				CLANG_ANALYZER_NUMBER_OBJECT_CONVERSION = YES_AGGRESSIVE;
				CLANG_CXX_LANGUAGE_STANDARD = "gnu++20";
				CLANG_ENABLE_MODULES = YES;
				CLANG_ENABLE_OBJC_ARC = YES;
				CLANG_ENABLE_OBJC_WEAK = YES;
				CLANG_WARN_BLOCK_CAPTURE_AUTORELEASING = YES;
				CLANG_WARN_BOOL_CONVERSION = YES;
				CLANG_WARN_COMMA = YES;
				CLANG_WARN_CONSTANT_CONVERSION = YES;
				CLANG_WARN_DEPRECATED_OBJC_IMPLEMENTATIONS = YES;
				CLANG_WARN_DIRECT_OBJC_ISA_USAGE = YES_ERROR;
				CLANG_WARN_DOCUMENTATION_COMMENTS = YES;
				CLANG_WARN_EMPTY_BODY = YES;
				CLANG_WARN_ENUM_CONVERSION = YES;
				CLANG_WARN_INFINITE_RECURSION = YES;
				CLANG_WARN_INT_CONVERSION = YES;
				CLANG_WARN_NON_LITERAL_NULL_CONVERSION = YES;
				CLANG_WARN_OBJC_IMPLICIT_RETAIN_SELF = YES;
				CLANG_WARN_OBJC_LITERAL_CONVERSION = YES;
				CLANG_WARN_OBJC_ROOT_CLASS = YES_ERROR;
				CLANG_WARN_QUOTED_INCLUDE_IN_FRAMEWORK_HEADER = YES;
				CLANG_WARN_RANGE_LOOP_ANALYSIS = YES;
				CLANG_WARN_STRICT_PROTOTYPES = YES;
				CLANG_WARN_SUSPICIOUS_MOVE = YES;
				CLANG_WARN_UNGUARDED_AVAILABILITY = YES_AGGRESSIVE;
				CLANG_WARN_UNREACHABLE_CODE = YES;
				CLANG_WARN__DUPLICATE_METHOD_MATCH = YES;
				COPY_PHASE_STRIP = NO;
				DEBUG_INFORMATION_FORMAT = "dwarf-with-dsym";
				ENABLE_NS_ASSERTIONS = NO;
				ENABLE_STRICT_OBJC_MSGSEND = YES;
				ENABLE_USER_SCRIPT_SANDBOXING = YES;
				GCC_C_LANGUAGE_STANDARD = gnu17;
				GCC_NO_COMMON_BLOCKS = YES;
				GCC_WARN_64_TO_32_BIT_CONVERSION = YES;
				GCC_WARN_ABOUT_RETURN_TYPE = YES_ERROR;
				GCC_WARN_UNDECLARED_SELECTOR = YES;
				GCC_WARN_UNINITIALIZED_AUTOS = YES_AGGRESSIVE;
				GCC_WARN_UNUSED_FUNCTION = YES;
				GCC_WARN_UNUSED_VARIABLE = YES;
				LOCALIZATION_PREFERS_STRING_CATALOGS = YES;
				MTL_ENABLE_DEBUG_INFO = NO;
				MTL_FAST_MATH = YES;
				SWIFT_COMPILATION_MODE = wholemodule;
			};
			name = Release;
		};
		F5B99FCD2C34B2DE0042E2A1 /* Debug */ = {
			isa = XCBuildConfiguration;
			buildSettings = {
				ASSETCATALOG_COMPILER_APPICON_NAME = AppIcon;
				ASSETCATALOG_COMPILER_GLOBAL_ACCENT_COLOR_NAME = AccentColor;
				CODE_SIGN_ENTITLEMENTS = SuperHeroApp/SuperHeroApp.entitlements;
				CODE_SIGN_STYLE = Automatic;
				CURRENT_PROJECT_VERSION = 1;
				DEVELOPMENT_ASSET_PATHS = "\"SuperHeroApp/Preview Content\"";
				ENABLE_PREVIEWS = YES;
				GENERATE_INFOPLIST_FILE = YES;
				"INFOPLIST_KEY_UIApplicationSceneManifest_Generation[sdk=iphoneos*]" = YES;
				"INFOPLIST_KEY_UIApplicationSceneManifest_Generation[sdk=iphonesimulator*]" = YES;
				"INFOPLIST_KEY_UIApplicationSupportsIndirectInputEvents[sdk=iphoneos*]" = YES;
				"INFOPLIST_KEY_UIApplicationSupportsIndirectInputEvents[sdk=iphonesimulator*]" = YES;
				"INFOPLIST_KEY_UILaunchScreen_Generation[sdk=iphoneos*]" = YES;
				"INFOPLIST_KEY_UILaunchScreen_Generation[sdk=iphonesimulator*]" = YES;
				"INFOPLIST_KEY_UIStatusBarStyle[sdk=iphoneos*]" = UIStatusBarStyleDefault;
				"INFOPLIST_KEY_UIStatusBarStyle[sdk=iphonesimulator*]" = UIStatusBarStyleDefault;
				INFOPLIST_KEY_UISupportedInterfaceOrientations_iPad = "UIInterfaceOrientationPortrait UIInterfaceOrientationPortraitUpsideDown UIInterfaceOrientationLandscapeLeft UIInterfaceOrientationLandscapeRight";
				INFOPLIST_KEY_UISupportedInterfaceOrientations_iPhone = "UIInterfaceOrientationPortrait UIInterfaceOrientationLandscapeLeft UIInterfaceOrientationLandscapeRight";
				IPHONEOS_DEPLOYMENT_TARGET = 17.5;
				LD_RUNPATH_SEARCH_PATHS = "@executable_path/Frameworks";
				"LD_RUNPATH_SEARCH_PATHS[sdk=macosx*]" = "@executable_path/../Frameworks";
				MACOSX_DEPLOYMENT_TARGET = 14.4;
				MARKETING_VERSION = 1.0;
				PRODUCT_BUNDLE_IDENTIFIER = Shakko.SuperHeroApp;
				PRODUCT_NAME = "$(TARGET_NAME)";
				SDKROOT = auto;
				SUPPORTED_PLATFORMS = "iphoneos iphonesimulator macosx";
				SWIFT_EMIT_LOC_STRINGS = YES;
				SWIFT_VERSION = 5.0;
				TARGETED_DEVICE_FAMILY = "1,2";
			};
			name = Debug;
		};
		F5B99FCE2C34B2DE0042E2A1 /* Release */ = {
			isa = XCBuildConfiguration;
			buildSettings = {
				ASSETCATALOG_COMPILER_APPICON_NAME = AppIcon;
				ASSETCATALOG_COMPILER_GLOBAL_ACCENT_COLOR_NAME = AccentColor;
				CODE_SIGN_ENTITLEMENTS = SuperHeroApp/SuperHeroApp.entitlements;
				CODE_SIGN_STYLE = Automatic;
				CURRENT_PROJECT_VERSION = 1;
				DEVELOPMENT_ASSET_PATHS = "\"SuperHeroApp/Preview Content\"";
				ENABLE_PREVIEWS = YES;
				GENERATE_INFOPLIST_FILE = YES;
				"INFOPLIST_KEY_UIApplicationSceneManifest_Generation[sdk=iphoneos*]" = YES;
				"INFOPLIST_KEY_UIApplicationSceneManifest_Generation[sdk=iphonesimulator*]" = YES;
				"INFOPLIST_KEY_UIApplicationSupportsIndirectInputEvents[sdk=iphoneos*]" = YES;
				"INFOPLIST_KEY_UIApplicationSupportsIndirectInputEvents[sdk=iphonesimulator*]" = YES;
				"INFOPLIST_KEY_UILaunchScreen_Generation[sdk=iphoneos*]" = YES;
				"INFOPLIST_KEY_UILaunchScreen_Generation[sdk=iphonesimulator*]" = YES;
				"INFOPLIST_KEY_UIStatusBarStyle[sdk=iphoneos*]" = UIStatusBarStyleDefault;
				"INFOPLIST_KEY_UIStatusBarStyle[sdk=iphonesimulator*]" = UIStatusBarStyleDefault;
				INFOPLIST_KEY_UISupportedInterfaceOrientations_iPad = "UIInterfaceOrientationPortrait UIInterfaceOrientationPortraitUpsideDown UIInterfaceOrientationLandscapeLeft UIInterfaceOrientationLandscapeRight";
				INFOPLIST_KEY_UISupportedInterfaceOrientations_iPhone = "UIInterfaceOrientationPortrait UIInterfaceOrientationLandscapeLeft UIInterfaceOrientationLandscapeRight";
				IPHONEOS_DEPLOYMENT_TARGET = 17.5;
				LD_RUNPATH_SEARCH_PATHS = "@executable_path/Frameworks";
				"LD_RUNPATH_SEARCH_PATHS[sdk=macosx*]" = "@executable_path/../Frameworks";
				MACOSX_DEPLOYMENT_TARGET = 14.4;
				MARKETING_VERSION = 1.0;
				PRODUCT_BUNDLE_IDENTIFIER = Shakko.SuperHeroApp;
				PRODUCT_NAME = "$(TARGET_NAME)";
				SDKROOT = auto;
				SUPPORTED_PLATFORMS = "iphoneos iphonesimulator macosx";
				SWIFT_EMIT_LOC_STRINGS = YES;
				SWIFT_VERSION = 5.0;
				TARGETED_DEVICE_FAMILY = "1,2";
			};
			name = Release;
		};
		F5B99FD02C34B2DE0042E2A1 /* Debug */ = {
			isa = XCBuildConfiguration;
			buildSettings = {
				ALWAYS_EMBED_SWIFT_STANDARD_LIBRARIES = YES;
				BUNDLE_LOADER = "$(TEST_HOST)";
				CODE_SIGN_STYLE = Automatic;
				CURRENT_PROJECT_VERSION = 1;
				GENERATE_INFOPLIST_FILE = YES;
				IPHONEOS_DEPLOYMENT_TARGET = 17.5;
				MACOSX_DEPLOYMENT_TARGET = 14.4;
				MARKETING_VERSION = 1.0;
				PRODUCT_BUNDLE_IDENTIFIER = Shakko.SuperHeroAppTests;
				PRODUCT_NAME = "$(TARGET_NAME)";
				SDKROOT = auto;
				SUPPORTED_PLATFORMS = "iphoneos iphonesimulator macosx";
				SWIFT_EMIT_LOC_STRINGS = NO;
				SWIFT_VERSION = 5.0;
				TARGETED_DEVICE_FAMILY = "1,2";
				TEST_HOST = "$(BUILT_PRODUCTS_DIR)/SuperHeroApp.app/$(BUNDLE_EXECUTABLE_FOLDER_PATH)/SuperHeroApp";
			};
			name = Debug;
		};
		F5B99FD12C34B2DE0042E2A1 /* Release */ = {
			isa = XCBuildConfiguration;
			buildSettings = {
				ALWAYS_EMBED_SWIFT_STANDARD_LIBRARIES = YES;
				BUNDLE_LOADER = "$(TEST_HOST)";
				CODE_SIGN_STYLE = Automatic;
				CURRENT_PROJECT_VERSION = 1;
				GENERATE_INFOPLIST_FILE = YES;
				IPHONEOS_DEPLOYMENT_TARGET = 17.5;
				MACOSX_DEPLOYMENT_TARGET = 14.4;
				MARKETING_VERSION = 1.0;
				PRODUCT_BUNDLE_IDENTIFIER = Shakko.SuperHeroAppTests;
				PRODUCT_NAME = "$(TARGET_NAME)";
				SDKROOT = auto;
				SUPPORTED_PLATFORMS = "iphoneos iphonesimulator macosx";
				SWIFT_EMIT_LOC_STRINGS = NO;
				SWIFT_VERSION = 5.0;
				TARGETED_DEVICE_FAMILY = "1,2";
				TEST_HOST = "$(BUILT_PRODUCTS_DIR)/SuperHeroApp.app/$(BUNDLE_EXECUTABLE_FOLDER_PATH)/SuperHeroApp";
			};
			name = Release;
		};
		F5B99FD32C34B2DE0042E2A1 /* Debug */ = {
			isa = XCBuildConfiguration;
			buildSettings = {
				ALWAYS_EMBED_SWIFT_STANDARD_LIBRARIES = YES;
				CODE_SIGN_STYLE = Automatic;
				CURRENT_PROJECT_VERSION = 1;
				GENERATE_INFOPLIST_FILE = YES;
				IPHONEOS_DEPLOYMENT_TARGET = 17.5;
				MACOSX_DEPLOYMENT_TARGET = 14.4;
				MARKETING_VERSION = 1.0;
				PRODUCT_BUNDLE_IDENTIFIER = Shakko.SuperHeroAppUITests;
				PRODUCT_NAME = "$(TARGET_NAME)";
				SDKROOT = auto;
				SUPPORTED_PLATFORMS = "iphoneos iphonesimulator macosx";
				SWIFT_EMIT_LOC_STRINGS = NO;
				SWIFT_VERSION = 5.0;
				TARGETED_DEVICE_FAMILY = "1,2";
				TEST_TARGET_NAME = SuperHeroApp;
			};
			name = Debug;
		};
		F5B99FD42C34B2DE0042E2A1 /* Release */ = {
			isa = XCBuildConfiguration;
			buildSettings = {
				ALWAYS_EMBED_SWIFT_STANDARD_LIBRARIES = YES;
				CODE_SIGN_STYLE = Automatic;
				CURRENT_PROJECT_VERSION = 1;
				GENERATE_INFOPLIST_FILE = YES;
				IPHONEOS_DEPLOYMENT_TARGET = 17.5;
				MACOSX_DEPLOYMENT_TARGET = 14.4;
				MARKETING_VERSION = 1.0;
				PRODUCT_BUNDLE_IDENTIFIER = Shakko.SuperHeroAppUITests;
				PRODUCT_NAME = "$(TARGET_NAME)";
				SDKROOT = auto;
				SUPPORTED_PLATFORMS = "iphoneos iphonesimulator macosx";
				SWIFT_EMIT_LOC_STRINGS = NO;
				SWIFT_VERSION = 5.0;
				TARGETED_DEVICE_FAMILY = "1,2";
				TEST_TARGET_NAME = SuperHeroApp;
			};
			name = Release;
		};
/* End XCBuildConfiguration section */

/* Begin XCConfigurationList section */
		F5B99FA22C34B2DB0042E2A1 /* Build configuration list for PBXProject "SuperHeroApp" */ = {
			isa = XCConfigurationList;
			buildConfigurations = (
				F5B99FCA2C34B2DE0042E2A1 /* Debug */,
				F5B99FCB2C34B2DE0042E2A1 /* Release */,
			);
			defaultConfigurationIsVisible = 0;
			defaultConfigurationName = Release;
		};
		F5B99FCC2C34B2DE0042E2A1 /* Build configuration list for PBXNativeTarget "SuperHeroApp" */ = {
			isa = XCConfigurationList;
			buildConfigurations = (
				F5B99FCD2C34B2DE0042E2A1 /* Debug */,
				F5B99FCE2C34B2DE0042E2A1 /* Release */,
			);
			defaultConfigurationIsVisible = 0;
			defaultConfigurationName = Release;
		};
		F5B99FCF2C34B2DE0042E2A1 /* Build configuration list for PBXNativeTarget "SuperHeroAppTests" */ = {
			isa = XCConfigurationList;
			buildConfigurations = (
				F5B99FD02C34B2DE0042E2A1 /* Debug */,
				F5B99FD12C34B2DE0042E2A1 /* Release */,
			);
			defaultConfigurationIsVisible = 0;
			defaultConfigurationName = Release;
		};
		F5B99FD22C34B2DE0042E2A1 /* Build configuration list for PBXNativeTarget "SuperHeroAppUITests" */ = {
			isa = XCConfigurationList;
			buildConfigurations = (
				F5B99FD32C34B2DE0042E2A1 /* Debug */,
				F5B99FD42C34B2DE0042E2A1 /* Release */,
			);
			defaultConfigurationIsVisible = 0;
			defaultConfigurationName = Release;
		};
/* End XCConfigurationList section */
	};
	rootObject = F5B99F9F2C34B2DB0042E2A1 /* Project object */;
}
